
Microsoft Visual Studio Solution File, Format Version 12.00
# Visual Studio Version 17
VisualStudioVersion = 17.0.31903.59
MinimumVisualStudioVersion = 10.0.40219.1
Project("{2150E333-8FDC-42A3-9474-1A3956D46DE8}") = "src", "src", "{33E1A69A-8FD8-475E-B07A-5D48899703B4}"
EndProject
Project("{FAE04EC0-301F-11D3-BF4B-00C04F79EFBC}") = "MPM.Api", "src\MPM.Api\MPM.Api.csproj", "{49009774-CD41-48F0-8AA6-F87923E4BC1D}"
EndProject
Project("{FAE04EC0-301F-11D3-BF4B-00C04F79EFBC}") = "MPM.Shared", "src\MPM.Shared\MPM.Shared.csproj", "{F85AAB5D-105D-415C-86FE-2425257E2113}"
EndProject
Project("{FAE04EC0-301F-11D3-BF4B-00C04F79EFBC}") = "MPM.Core", "src\MPM.Core\MPM.Core.csproj", "{94561C1C-B4C3-45E1-ACAB-3B25A67AFC56}"
EndProject
Project("{FAE04EC0-301F-11D3-BF4B-00C04F79EFBC}") = "MPM.Modules.Licitaciones", "src\MPM.Modules.Licitaciones\MPM.Modules.Licitaciones.csproj", "{8BEFC301-3513-491E-AE89-123E61E31FBB}"
EndProject
Project("{FAE04EC0-301F-11D3-BF4B-00C04F79EFBC}") = "MPM.Modules.Catalogo", "src\MPM.Modules.Catalogo\MPM.Modules.Catalogo.csproj", "{09A00522-6D45-43D0-A9EF-582E361FF931}"
EndProject
Project("{FAE04EC0-301F-11D3-BF4B-00C04F79EFBC}") = "MPM.Modules.Mensajeria", "src\MPM.Modules.Mensajeria\MPM.Modules.Mensajeria.csproj", "{A1B2C3D4-E5F6-7890-ABCD-EF1234567890}"
EndProject
Project("{FAE04EC0-301F-11D3-BF4B-00C04F79EFBC}") = "MPM.Modules.Auth", "src\MPM.Modules.Auth\MPM.Modules.Auth.csproj", "{0BF6A40B-3D26-4A68-8FD9-918AC6526F08}"
EndProject
Project("{2150E333-8FDC-42A3-9474-1A3956D46DE8}") = "tests", "tests", "{6FF04732-217E-4552-9425-96347221B392}"
EndProject
Project("{FAE04EC0-301F-11D3-BF4B-00C04F79EFBC}") = "MPM.Modules.Auth.Tests", "tests\MPM.Modules.Auth.Tests\MPM.Modules.Auth.Tests.csproj", "{C3BC39DA-62F5-47EA-B861-80D9C0A3A747}"
EndProject
Project("{FAE04EC0-301F-11D3-BF4B-00C04F79EFBC}") = "MPM.Core.Tests", "tests\MPM.Core.Tests\MPM.Core.Tests.csproj", "{30309243-449B-45B9-8D9E-5BCBC78FD62F}"
EndProject
Project("{FAE04EC0-301F-11D3-BF4B-00C04F79EFBC}") = "MPM.Modules.Catalogo.Tests", "tests\MPM.Modules.Catalogo.Tests\MPM.Modules.Catalogo.Tests.csproj", "{97CE7333-9FDE-4B95-8345-75592FBE1262}"
EndProject
Project("{FAE04EC0-301F-11D3-BF4B-00C04F79EFBC}") = "MPM.Shared.Tests", "tests\MPM.Shared.Tests\MPM.Shared.Tests.csproj", "{72784720-5722-4614-93D1-CDCB82C045B8}"
EndProject
Project("{FAE04EC0-301F-11D3-BF4B-00C04F79EFBC}") = "MPM.Modules.Analisis.Tests", "tests\MPM.Modules.Analisis.Tests\MPM.Modules.Analisis.Tests.csproj", "{C632DCD8-EA21-4044-9CE7-54D39EA7BE5B}"
EndProject
Project("{FAE04EC0-301F-11D3-BF4B-00C04F79EFBC}") = "MPM.Modules.Analisis", "src\MPM.Modules.Analisis\MPM.Modules.Analisis.csproj", "{9C3EC6F8-7684-4952-A004-A03995FFC5F9}"
EndProject
Project("{FAE04EC0-301F-11D3-BF4B-00C04F79EFBC}") = "MPM.Modules.Notificaciones", "src\MPM.Modules.Notificaciones\MPM.Modules.Notificaciones.csproj", "{AA3E7A14-3D98-48FE-A44A-68F955D98E68}"
EndProject
Project("{FAE04EC0-301F-11D3-BF4B-00C04F79EFBC}") = "MPM.Modules.Notificaciones.Tests", "tests\MPM.Modules.Notificaciones.Tests\MPM.Modules.Notificaciones.Tests.csproj", "{9FBEE2D9-8F5E-4B98-9468-A487A58A6033}"
EndProject
Project("{FAE04EC0-301F-11D3-BF4B-00C04F79EFBC}") = "MPM.Modules.Alertas", "src\MPM.Modules.Alertas\MPM.Modules.Alertas.csproj", "{5C0589EE-57ED-4B49-A78C-14AD3BB41514}"
EndProject
Project("{FAE04EC0-301F-11D3-BF4B-00C04F79EFBC}") = "MPM.Modules.Alertas.Tests", "tests\MPM.Modules.Alertas.Tests\MPM.Modules.Alertas.Tests.csproj", "{4268832E-B1B0-470D-8447-DED1B5041649}"
EndProject
Project("{FAE04EC0-301F-11D3-BF4B-00C04F79EFBC}") = "MPM.Modules.Competidores", "src\MPM.Modules.Competidores\MPM.Modules.Competidores.csproj", "{1CDC91E5-D183-4E88-A2DB-E4733CC8EC80}"
EndProject
Project("{FAE04EC0-301F-11D3-BF4B-00C04F79EFBC}") = "MPM.Modules.Competidores.Tests", "tests\MPM.Modules.Competidores.Tests\MPM.Modules.Competidores.Tests.csproj", "{0FD510CD-2028-428A-BA14-C8EE5DBC4DE7}"
EndProject
Project("{FAE04EC0-301F-11D3-BF4B-00C04F79EFBC}") = "MPM.Modules.Colaboracion", "src\MPM.Modules.Colaboracion\MPM.Modules.Colaboracion.csproj", "{8EADEE71-3882-4F54-A4BE-15A14171D938}"
EndProject
Project("{FAE04EC0-301F-11D3-BF4B-00C04F79EFBC}") = "MPM.Modules.Colaboracion.Tests", "tests\MPM.Modules.Colaboracion.Tests\MPM.Modules.Colaboracion.Tests.csproj", "{78AB146E-9073-47ED-8C9F-1160E3832EE0}"
EndProject
Project("{FAE04EC0-301F-11D3-BF4B-00C04F79EFBC}") = "MPM.Modules.Administracion", "src\MPM.Modules.Administracion\MPM.Modules.Administracion.csproj", "{E320168A-67E0-445C-9475-AAD22E3CD8D4}"
EndProject
Project("{FAE04EC0-301F-11D3-BF4B-00C04F79EFBC}") = "MPM.Modules.Administracion.Tests", "tests\MPM.Modules.Administracion.Tests\MPM.Modules.Administracion.Tests.csproj", "{0E60BDAB-474F-4616-A67D-ED406619BFC9}"
EndProject
Project("{FAE04EC0-301F-11D3-BF4B-00C04F79EFBC}") = "MPM.Modules.Censo", "src\MPM.Modules.Censo\MPM.Modules.Censo.csproj", "{4FD0B702-06C2-471D-BC88-D55F6F524EFB}"
EndProject
Project("{FAE04EC0-301F-11D3-BF4B-00C04F79EFBC}") = "MPM.Modules.Propuestas", "src\MPM.Modules.Propuestas\MPM.Modules.Propuestas.csproj", "{B5A3E8D1-4A07-4E4D-B6F8-5E9F7C8D1A20}"
EndProject
Project("{FAE04EC0-301F-11D3-BF4B-00C04F79EFBC}") = "MPM.Modules.Propuestas.Tests", "tests\MPM.Modules.Propuestas.Tests\MPM.Modules.Propuestas.Tests.csproj", "{C6B4F9E2-5B18-4F5E-C7A9-6FA08D9E2B31}"
EndProject
Project("{FAE04EC0-301F-11D3-BF4B-00C04F79EFBC}") = "MPM.Modules.Censo.Tests", "tests\MPM.Modules.Censo.Tests\MPM.Modules.Censo.Tests.csproj", "{F4E82BDC-B670-4C9C-914D-40105C698489}"
EndProject
Project("{FAE04EC0-301F-11D3-BF4B-00C04F79EFBC}") = "MPM.Modules.Licitaciones.Tests", "tests\MPM.Modules.Licitaciones.Tests\MPM.Modules.Licitaciones.Tests.csproj", "{ED4423EE-880F-41DA-81E2-A0A28EA78B0E}"
EndProject
Project("{FAE04EC0-301F-11D3-BF4B-00C04F79EFBC}") = "MPM.Modules.Mensajeria.Tests", "tests\MPM.Modules.Mensajeria.Tests\MPM.Modules.Mensajeria.Tests.csproj", "{82A7DC4E-EBD3-4FCE-9113-435D46285CD4}"
EndProject
Project("{FAE04EC0-301F-11D3-BF4B-00C04F79EFBC}") = "MPM.Tests", "tests\MPM.Tests\MPM.Tests.csproj", "{02BFF8DA-05C8-43AA-B7DE-E94A997D8759}"
EndProject
Global
	GlobalSection(SolutionConfigurationPlatforms) = preSolution
		Debug|Any CPU = Debug|Any CPU
		Debug|x64 = Debug|x64
		Debug|x86 = Debug|x86
		Release|Any CPU = Release|Any CPU
		Release|x64 = Release|x64
		Release|x86 = Release|x86
	EndGlobalSection
	GlobalSection(ProjectConfigurationPlatforms) = postSolution
		{49009774-CD41-48F0-8AA6-F87923E4BC1D}.Debug|Any CPU.ActiveCfg = Debug|Any CPU
		{49009774-CD41-48F0-8AA6-F87923E4BC1D}.Debug|Any CPU.Build.0 = Debug|Any CPU
		{49009774-CD41-48F0-8AA6-F87923E4BC1D}.Debug|x64.ActiveCfg = Debug|Any CPU
		{49009774-CD41-48F0-8AA6-F87923E4BC1D}.Debug|x64.Build.0 = Debug|Any CPU
		{49009774-CD41-48F0-8AA6-F87923E4BC1D}.Debug|x86.ActiveCfg = Debug|Any CPU
		{49009774-CD41-48F0-8AA6-F87923E4BC1D}.Debug|x86.Build.0 = Debug|Any CPU
		{49009774-CD41-48F0-8AA6-F87923E4BC1D}.Release|Any CPU.ActiveCfg = Release|Any CPU
		{49009774-CD41-48F0-8AA6-F87923E4BC1D}.Release|Any CPU.Build.0 = Release|Any CPU
		{49009774-CD41-48F0-8AA6-F87923E4BC1D}.Release|x64.ActiveCfg = Release|Any CPU
		{49009774-CD41-48F0-8AA6-F87923E4BC1D}.Release|x64.Build.0 = Release|Any CPU
		{49009774-CD41-48F0-8AA6-F87923E4BC1D}.Release|x86.ActiveCfg = Release|Any CPU
		{49009774-CD41-48F0-8AA6-F87923E4BC1D}.Release|x86.Build.0 = Release|Any CPU
		{F85AAB5D-105D-415C-86FE-2425257E2113}.Debug|Any CPU.ActiveCfg = Debug|Any CPU
		{F85AAB5D-105D-415C-86FE-2425257E2113}.Debug|Any CPU.Build.0 = Debug|Any CPU
		{F85AAB5D-105D-415C-86FE-2425257E2113}.Debug|x64.ActiveCfg = Debug|Any CPU
		{F85AAB5D-105D-415C-86FE-2425257E2113}.Debug|x64.Build.0 = Debug|Any CPU
		{F85AAB5D-105D-415C-86FE-2425257E2113}.Debug|x86.ActiveCfg = Debug|Any CPU
		{F85AAB5D-105D-415C-86FE-2425257E2113}.Debug|x86.Build.0 = Debug|Any CPU
		{F85AAB5D-105D-415C-86FE-2425257E2113}.Release|Any CPU.ActiveCfg = Release|Any CPU
		{F85AAB5D-105D-415C-86FE-2425257E2113}.Release|Any CPU.Build.0 = Release|Any CPU
		{F85AAB5D-105D-415C-86FE-2425257E2113}.Release|x64.ActiveCfg = Release|Any CPU
		{F85AAB5D-105D-415C-86FE-2425257E2113}.Release|x64.Build.0 = Release|Any CPU
		{F85AAB5D-105D-415C-86FE-2425257E2113}.Release|x86.ActiveCfg = Release|Any CPU
		{F85AAB5D-105D-415C-86FE-2425257E2113}.Release|x86.Build.0 = Release|Any CPU
		{94561C1C-B4C3-45E1-ACAB-3B25A67AFC56}.Debug|Any CPU.ActiveCfg = Debug|Any CPU
		{94561C1C-B4C3-45E1-ACAB-3B25A67AFC56}.Debug|Any CPU.Build.0 = Debug|Any CPU
		{94561C1C-B4C3-45E1-ACAB-3B25A67AFC56}.Debug|x64.ActiveCfg = Debug|Any CPU
		{94561C1C-B4C3-45E1-ACAB-3B25A67AFC56}.Debug|x64.Build.0 = Debug|Any CPU
		{94561C1C-B4C3-45E1-ACAB-3B25A67AFC56}.Debug|x86.ActiveCfg = Debug|Any CPU
		{94561C1C-B4C3-45E1-ACAB-3B25A67AFC56}.Debug|x86.Build.0 = Debug|Any CPU
		{94561C1C-B4C3-45E1-ACAB-3B25A67AFC56}.Release|Any CPU.ActiveCfg = Release|Any CPU
		{94561C1C-B4C3-45E1-ACAB-3B25A67AFC56}.Release|Any CPU.Build.0 = Release|Any CPU
		{94561C1C-B4C3-45E1-ACAB-3B25A67AFC56}.Release|x64.ActiveCfg = Release|Any CPU
		{94561C1C-B4C3-45E1-ACAB-3B25A67AFC56}.Release|x64.Build.0 = Release|Any CPU
		{94561C1C-B4C3-45E1-ACAB-3B25A67AFC56}.Release|x86.ActiveCfg = Release|Any CPU
		{94561C1C-B4C3-45E1-ACAB-3B25A67AFC56}.Release|x86.Build.0 = Release|Any CPU
		{8BEFC301-3513-491E-AE89-123E61E31FBB}.Debug|Any CPU.ActiveCfg = Debug|Any CPU
		{8BEFC301-3513-491E-AE89-123E61E31FBB}.Debug|Any CPU.Build.0 = Debug|Any CPU
		{8BEFC301-3513-491E-AE89-123E61E31FBB}.Debug|x64.ActiveCfg = Debug|Any CPU
		{8BEFC301-3513-491E-AE89-123E61E31FBB}.Debug|x64.Build.0 = Debug|Any CPU
		{8BEFC301-3513-491E-AE89-123E61E31FBB}.Debug|x86.ActiveCfg = Debug|Any CPU
		{8BEFC301-3513-491E-AE89-123E61E31FBB}.Debug|x86.Build.0 = Debug|Any CPU
		{8BEFC301-3513-491E-AE89-123E61E31FBB}.Release|Any CPU.ActiveCfg = Release|Any CPU
		{8BEFC301-3513-491E-AE89-123E61E31FBB}.Release|Any CPU.Build.0 = Release|Any CPU
		{8BEFC301-3513-491E-AE89-123E61E31FBB}.Release|x64.ActiveCfg = Release|Any CPU
		{8BEFC301-3513-491E-AE89-123E61E31FBB}.Release|x64.Build.0 = Release|Any CPU
		{8BEFC301-3513-491E-AE89-123E61E31FBB}.Release|x86.ActiveCfg = Release|Any CPU
		{8BEFC301-3513-491E-AE89-123E61E31FBB}.Release|x86.Build.0 = Release|Any CPU
		{09A00522-6D45-43D0-A9EF-582E361FF931}.Debug|Any CPU.ActiveCfg = Debug|Any CPU
		{09A00522-6D45-43D0-A9EF-582E361FF931}.Debug|Any CPU.Build.0 = Debug|Any CPU
		{09A00522-6D45-43D0-A9EF-582E361FF931}.Debug|x64.ActiveCfg = Debug|Any CPU
		{09A00522-6D45-43D0-A9EF-582E361FF931}.Debug|x64.Build.0 = Debug|Any CPU
		{09A00522-6D45-43D0-A9EF-582E361FF931}.Debug|x86.ActiveCfg = Debug|Any CPU
		{09A00522-6D45-43D0-A9EF-582E361FF931}.Debug|x86.Build.0 = Debug|Any CPU
		{09A00522-6D45-43D0-A9EF-582E361FF931}.Release|Any CPU.ActiveCfg = Release|Any CPU
		{09A00522-6D45-43D0-A9EF-582E361FF931}.Release|Any CPU.Build.0 = Release|Any CPU
		{09A00522-6D45-43D0-A9EF-582E361FF931}.Release|x64.ActiveCfg = Release|Any CPU
		{09A00522-6D45-43D0-A9EF-582E361FF931}.Release|x64.Build.0 = Release|Any CPU
		{09A00522-6D45-43D0-A9EF-582E361FF931}.Release|x86.ActiveCfg = Release|Any CPU
		{09A00522-6D45-43D0-A9EF-582E361FF931}.Release|x86.Build.0 = Release|Any CPU
		{A1B2C3D4-E5F6-7890-ABCD-EF1234567890}.Debug|Any CPU.ActiveCfg = Debug|Any CPU
		{A1B2C3D4-E5F6-7890-ABCD-EF1234567890}.Debug|Any CPU.Build.0 = Debug|Any CPU
		{A1B2C3D4-E5F6-7890-ABCD-EF1234567890}.Debug|x64.ActiveCfg = Debug|Any CPU
		{A1B2C3D4-E5F6-7890-ABCD-EF1234567890}.Debug|x64.Build.0 = Debug|Any CPU
		{A1B2C3D4-E5F6-7890-ABCD-EF1234567890}.Debug|x86.ActiveCfg = Debug|Any CPU
		{A1B2C3D4-E5F6-7890-ABCD-EF1234567890}.Debug|x86.Build.0 = Debug|Any CPU
		{A1B2C3D4-E5F6-7890-ABCD-EF1234567890}.Release|Any CPU.ActiveCfg = Release|Any CPU
		{A1B2C3D4-E5F6-7890-ABCD-EF1234567890}.Release|Any CPU.Build.0 = Release|Any CPU
		{A1B2C3D4-E5F6-7890-ABCD-EF1234567890}.Release|x64.ActiveCfg = Release|Any CPU
		{A1B2C3D4-E5F6-7890-ABCD-EF1234567890}.Release|x64.Build.0 = Release|Any CPU
		{A1B2C3D4-E5F6-7890-ABCD-EF1234567890}.Release|x86.ActiveCfg = Release|Any CPU
		{A1B2C3D4-E5F6-7890-ABCD-EF1234567890}.Release|x86.Build.0 = Release|Any CPU
		{0BF6A40B-3D26-4A68-8FD9-918AC6526F08}.Debug|Any CPU.ActiveCfg = Debug|Any CPU
		{0BF6A40B-3D26-4A68-8FD9-918AC6526F08}.Debug|Any CPU.Build.0 = Debug|Any CPU
		{0BF6A40B-3D26-4A68-8FD9-918AC6526F08}.Debug|x64.ActiveCfg = Debug|Any CPU
		{0BF6A40B-3D26-4A68-8FD9-918AC6526F08}.Debug|x64.Build.0 = Debug|Any CPU
		{0BF6A40B-3D26-4A68-8FD9-918AC6526F08}.Debug|x86.ActiveCfg = Debug|Any CPU
		{0BF6A40B-3D26-4A68-8FD9-918AC6526F08}.Debug|x86.Build.0 = Debug|Any CPU
		{0BF6A40B-3D26-4A68-8FD9-918AC6526F08}.Release|Any CPU.ActiveCfg = Release|Any CPU
		{0BF6A40B-3D26-4A68-8FD9-918AC6526F08}.Release|Any CPU.Build.0 = Release|Any CPU
		{0BF6A40B-3D26-4A68-8FD9-918AC6526F08}.Release|x64.ActiveCfg = Release|Any CPU
		{0BF6A40B-3D26-4A68-8FD9-918AC6526F08}.Release|x64.Build.0 = Release|Any CPU
		{0BF6A40B-3D26-4A68-8FD9-918AC6526F08}.Release|x86.ActiveCfg = Release|Any CPU
		{0BF6A40B-3D26-4A68-8FD9-918AC6526F08}.Release|x86.Build.0 = Release|Any CPU
		{C3BC39DA-62F5-47EA-B861-80D9C0A3A747}.Debug|Any CPU.ActiveCfg = Debug|Any CPU
		{C3BC39DA-62F5-47EA-B861-80D9C0A3A747}.Debug|Any CPU.Build.0 = Debug|Any CPU
		{C3BC39DA-62F5-47EA-B861-80D9C0A3A747}.Debug|x64.ActiveCfg = Debug|Any CPU
		{C3BC39DA-62F5-47EA-B861-80D9C0A3A747}.Debug|x64.Build.0 = Debug|Any CPU
		{C3BC39DA-62F5-47EA-B861-80D9C0A3A747}.Debug|x86.ActiveCfg = Debug|Any CPU
		{C3BC39DA-62F5-47EA-B861-80D9C0A3A747}.Debug|x86.Build.0 = Debug|Any CPU
		{C3BC39DA-62F5-47EA-B861-80D9C0A3A747}.Release|Any CPU.ActiveCfg = Release|Any CPU
		{C3BC39DA-62F5-47EA-B861-80D9C0A3A747}.Release|Any CPU.Build.0 = Release|Any CPU
		{C3BC39DA-62F5-47EA-B861-80D9C0A3A747}.Release|x64.ActiveCfg = Release|Any CPU
		{C3BC39DA-62F5-47EA-B861-80D9C0A3A747}.Release|x64.Build.0 = Release|Any CPU
		{C3BC39DA-62F5-47EA-B861-80D9C0A3A747}.Release|x86.ActiveCfg = Release|Any CPU
		{C3BC39DA-62F5-47EA-B861-80D9C0A3A747}.Release|x86.Build.0 = Release|Any CPU
		{30309243-449B-45B9-8D9E-5BCBC78FD62F}.Debug|Any CPU.ActiveCfg = Debug|Any CPU
		{30309243-449B-45B9-8D9E-5BCBC78FD62F}.Debug|Any CPU.Build.0 = Debug|Any CPU
		{30309243-449B-45B9-8D9E-5BCBC78FD62F}.Debug|x64.ActiveCfg = Debug|Any CPU
		{30309243-449B-45B9-8D9E-5BCBC78FD62F}.Debug|x64.Build.0 = Debug|Any CPU
		{30309243-449B-45B9-8D9E-5BCBC78FD62F}.Debug|x86.ActiveCfg = Debug|Any CPU
		{30309243-449B-45B9-8D9E-5BCBC78FD62F}.Debug|x86.Build.0 = Debug|Any CPU
		{30309243-449B-45B9-8D9E-5BCBC78FD62F}.Release|Any CPU.ActiveCfg = Release|Any CPU
		{30309243-449B-45B9-8D9E-5BCBC78FD62F}.Release|Any CPU.Build.0 = Release|Any CPU
		{30309243-449B-45B9-8D9E-5BCBC78FD62F}.Release|x64.ActiveCfg = Release|Any CPU
		{30309243-449B-45B9-8D9E-5BCBC78FD62F}.Release|x64.Build.0 = Release|Any CPU
		{30309243-449B-45B9-8D9E-5BCBC78FD62F}.Release|x86.ActiveCfg = Release|Any CPU
		{30309243-449B-45B9-8D9E-5BCBC78FD62F}.Release|x86.Build.0 = Release|Any CPU
		{97CE7333-9FDE-4B95-8345-75592FBE1262}.Debug|Any CPU.ActiveCfg = Debug|Any CPU
		{97CE7333-9FDE-4B95-8345-75592FBE1262}.Debug|Any CPU.Build.0 = Debug|Any CPU
		{97CE7333-9FDE-4B95-8345-75592FBE1262}.Debug|x64.ActiveCfg = Debug|Any CPU
		{97CE7333-9FDE-4B95-8345-75592FBE1262}.Debug|x64.Build.0 = Debug|Any CPU
		{97CE7333-9FDE-4B95-8345-75592FBE1262}.Debug|x86.ActiveCfg = Debug|Any CPU
		{97CE7333-9FDE-4B95-8345-75592FBE1262}.Debug|x86.Build.0 = Debug|Any CPU
		{97CE7333-9FDE-4B95-8345-75592FBE1262}.Release|Any CPU.ActiveCfg = Release|Any CPU
		{97CE7333-9FDE-4B95-8345-75592FBE1262}.Release|Any CPU.Build.0 = Release|Any CPU
		{97CE7333-9FDE-4B95-8345-75592FBE1262}.Release|x64.ActiveCfg = Release|Any CPU
		{97CE7333-9FDE-4B95-8345-75592FBE1262}.Release|x64.Build.0 = Release|Any CPU
		{97CE7333-9FDE-4B95-8345-75592FBE1262}.Release|x86.ActiveCfg = Release|Any CPU
		{97CE7333-9FDE-4B95-8345-75592FBE1262}.Release|x86.Build.0 = Release|Any CPU
		{72784720-5722-4614-93D1-CDCB82C045B8}.Debug|Any CPU.ActiveCfg = Debug|Any CPU
		{72784720-5722-4614-93D1-CDCB82C045B8}.Debug|Any CPU.Build.0 = Debug|Any CPU
		{72784720-5722-4614-93D1-CDCB82C045B8}.Debug|x64.ActiveCfg = Debug|Any CPU
		{72784720-5722-4614-93D1-CDCB82C045B8}.Debug|x64.Build.0 = Debug|Any CPU
		{72784720-5722-4614-93D1-CDCB82C045B8}.Debug|x86.ActiveCfg = Debug|Any CPU
		{72784720-5722-4614-93D1-CDCB82C045B8}.Debug|x86.Build.0 = Debug|Any CPU
		{72784720-5722-4614-93D1-CDCB82C045B8}.Release|Any CPU.ActiveCfg = Release|Any CPU
		{72784720-5722-4614-93D1-CDCB82C045B8}.Release|Any CPU.Build.0 = Release|Any CPU
		{72784720-5722-4614-93D1-CDCB82C045B8}.Release|x64.ActiveCfg = Release|Any CPU
		{72784720-5722-4614-93D1-CDCB82C045B8}.Release|x64.Build.0 = Release|Any CPU
		{72784720-5722-4614-93D1-CDCB82C045B8}.Release|x86.ActiveCfg = Release|Any CPU
		{72784720-5722-4614-93D1-CDCB82C045B8}.Release|x86.Build.0 = Release|Any CPU
		{C632DCD8-EA21-4044-9CE7-54D39EA7BE5B}.Debug|Any CPU.ActiveCfg = Debug|Any CPU
		{C632DCD8-EA21-4044-9CE7-54D39EA7BE5B}.Debug|Any CPU.Build.0 = Debug|Any CPU
		{C632DCD8-EA21-4044-9CE7-54D39EA7BE5B}.Debug|x64.ActiveCfg = Debug|Any CPU
		{C632DCD8-EA21-4044-9CE7-54D39EA7BE5B}.Debug|x64.Build.0 = Debug|Any CPU
		{C632DCD8-EA21-4044-9CE7-54D39EA7BE5B}.Debug|x86.ActiveCfg = Debug|Any CPU
		{C632DCD8-EA21-4044-9CE7-54D39EA7BE5B}.Debug|x86.Build.0 = Debug|Any CPU
		{C632DCD8-EA21-4044-9CE7-54D39EA7BE5B}.Release|Any CPU.ActiveCfg = Release|Any CPU
		{C632DCD8-EA21-4044-9CE7-54D39EA7BE5B}.Release|Any CPU.Build.0 = Release|Any CPU
		{C632DCD8-EA21-4044-9CE7-54D39EA7BE5B}.Release|x64.ActiveCfg = Release|Any CPU
		{C632DCD8-EA21-4044-9CE7-54D39EA7BE5B}.Release|x64.Build.0 = Release|Any CPU
		{C632DCD8-EA21-4044-9CE7-54D39EA7BE5B}.Release|x86.ActiveCfg = Release|Any CPU
		{C632DCD8-EA21-4044-9CE7-54D39EA7BE5B}.Release|x86.Build.0 = Release|Any CPU
		{9C3EC6F8-7684-4952-A004-A03995FFC5F9}.Debug|Any CPU.ActiveCfg = Debug|Any CPU
		{9C3EC6F8-7684-4952-A004-A03995FFC5F9}.Debug|Any CPU.Build.0 = Debug|Any CPU
		{9C3EC6F8-7684-4952-A004-A03995FFC5F9}.Debug|x64.ActiveCfg = Debug|Any CPU
		{9C3EC6F8-7684-4952-A004-A03995FFC5F9}.Debug|x64.Build.0 = Debug|Any CPU
		{9C3EC6F8-7684-4952-A004-A03995FFC5F9}.Debug|x86.ActiveCfg = Debug|Any CPU
		{9C3EC6F8-7684-4952-A004-A03995FFC5F9}.Debug|x86.Build.0 = Debug|Any CPU
		{9C3EC6F8-7684-4952-A004-A03995FFC5F9}.Release|Any CPU.ActiveCfg = Release|Any CPU
		{9C3EC6F8-7684-4952-A004-A03995FFC5F9}.Release|Any CPU.Build.0 = Release|Any CPU
		{9C3EC6F8-7684-4952-A004-A03995FFC5F9}.Release|x64.ActiveCfg = Release|Any CPU
		{9C3EC6F8-7684-4952-A004-A03995FFC5F9}.Release|x64.Build.0 = Release|Any CPU
		{9C3EC6F8-7684-4952-A004-A03995FFC5F9}.Release|x86.ActiveCfg = Release|Any CPU
		{9C3EC6F8-7684-4952-A004-A03995FFC5F9}.Release|x86.Build.0 = Release|Any CPU
		{AA3E7A14-3D98-48FE-A44A-68F955D98E68}.Debug|Any CPU.ActiveCfg = Debug|Any CPU
		{AA3E7A14-3D98-48FE-A44A-68F955D98E68}.Debug|Any CPU.Build.0 = Debug|Any CPU
		{AA3E7A14-3D98-48FE-A44A-68F955D98E68}.Debug|x64.ActiveCfg = Debug|Any CPU
		{AA3E7A14-3D98-48FE-A44A-68F955D98E68}.Debug|x64.Build.0 = Debug|Any CPU
		{AA3E7A14-3D98-48FE-A44A-68F955D98E68}.Debug|x86.ActiveCfg = Debug|Any CPU
		{AA3E7A14-3D98-48FE-A44A-68F955D98E68}.Debug|x86.Build.0 = Debug|Any CPU
		{AA3E7A14-3D98-48FE-A44A-68F955D98E68}.Release|Any CPU.ActiveCfg = Release|Any CPU
		{AA3E7A14-3D98-48FE-A44A-68F955D98E68}.Release|Any CPU.Build.0 = Release|Any CPU
		{AA3E7A14-3D98-48FE-A44A-68F955D98E68}.Release|x64.ActiveCfg = Release|Any CPU
		{AA3E7A14-3D98-48FE-A44A-68F955D98E68}.Release|x64.Build.0 = Release|Any CPU
		{AA3E7A14-3D98-48FE-A44A-68F955D98E68}.Release|x86.ActiveCfg = Release|Any CPU
		{AA3E7A14-3D98-48FE-A44A-68F955D98E68}.Release|x86.Build.0 = Release|Any CPU
		{9FBEE2D9-8F5E-4B98-9468-A487A58A6033}.Debug|Any CPU.ActiveCfg = Debug|Any CPU
		{9FBEE2D9-8F5E-4B98-9468-A487A58A6033}.Debug|Any CPU.Build.0 = Debug|Any CPU
		{9FBEE2D9-8F5E-4B98-9468-A487A58A6033}.Debug|x64.ActiveCfg = Debug|Any CPU
		{9FBEE2D9-8F5E-4B98-9468-A487A58A6033}.Debug|x64.Build.0 = Debug|Any CPU
		{9FBEE2D9-8F5E-4B98-9468-A487A58A6033}.Debug|x86.ActiveCfg = Debug|Any CPU
		{9FBEE2D9-8F5E-4B98-9468-A487A58A6033}.Debug|x86.Build.0 = Debug|Any CPU
		{9FBEE2D9-8F5E-4B98-9468-A487A58A6033}.Release|Any CPU.ActiveCfg = Release|Any CPU
		{9FBEE2D9-8F5E-4B98-9468-A487A58A6033}.Release|Any CPU.Build.0 = Release|Any CPU
		{9FBEE2D9-8F5E-4B98-9468-A487A58A6033}.Release|x64.ActiveCfg = Release|Any CPU
		{9FBEE2D9-8F5E-4B98-9468-A487A58A6033}.Release|x64.Build.0 = Release|Any CPU
		{9FBEE2D9-8F5E-4B98-9468-A487A58A6033}.Release|x86.ActiveCfg = Release|Any CPU
		{9FBEE2D9-8F5E-4B98-9468-A487A58A6033}.Release|x86.Build.0 = Release|Any CPU
		{5C0589EE-57ED-4B49-A78C-14AD3BB41514}.Debug|Any CPU.ActiveCfg = Debug|Any CPU
		{5C0589EE-57ED-4B49-A78C-14AD3BB41514}.Debug|Any CPU.Build.0 = Debug|Any CPU
		{5C0589EE-57ED-4B49-A78C-14AD3BB41514}.Debug|x64.ActiveCfg = Debug|Any CPU
		{5C0589EE-57ED-4B49-A78C-14AD3BB41514}.Debug|x64.Build.0 = Debug|Any CPU
		{5C0589EE-57ED-4B49-A78C-14AD3BB41514}.Debug|x86.ActiveCfg = Debug|Any CPU
		{5C0589EE-57ED-4B49-A78C-14AD3BB41514}.Debug|x86.Build.0 = Debug|Any CPU
		{5C0589EE-57ED-4B49-A78C-14AD3BB41514}.Release|Any CPU.ActiveCfg = Release|Any CPU
		{5C0589EE-57ED-4B49-A78C-14AD3BB41514}.Release|Any CPU.Build.0 = Release|Any CPU
		{5C0589EE-57ED-4B49-A78C-14AD3BB41514}.Release|x64.ActiveCfg = Release|Any CPU
		{5C0589EE-57ED-4B49-A78C-14AD3BB41514}.Release|x64.Build.0 = Release|Any CPU
		{5C0589EE-57ED-4B49-A78C-14AD3BB41514}.Release|x86.ActiveCfg = Release|Any CPU
		{5C0589EE-57ED-4B49-A78C-14AD3BB41514}.Release|x86.Build.0 = Release|Any CPU
		{4268832E-B1B0-470D-8447-DED1B5041649}.Debug|Any CPU.ActiveCfg = Debug|Any CPU
		{4268832E-B1B0-470D-8447-DED1B5041649}.Debug|Any CPU.Build.0 = Debug|Any CPU
		{4268832E-B1B0-470D-8447-DED1B5041649}.Debug|x64.ActiveCfg = Debug|Any CPU
		{4268832E-B1B0-470D-8447-DED1B5041649}.Debug|x64.Build.0 = Debug|Any CPU
		{4268832E-B1B0-470D-8447-DED1B5041649}.Debug|x86.ActiveCfg = Debug|Any CPU
		{4268832E-B1B0-470D-8447-DED1B5041649}.Debug|x86.Build.0 = Debug|Any CPU
		{4268832E-B1B0-470D-8447-DED1B5041649}.Release|Any CPU.ActiveCfg = Release|Any CPU
		{4268832E-B1B0-470D-8447-DED1B5041649}.Release|Any CPU.Build.0 = Release|Any CPU
		{4268832E-B1B0-470D-8447-DED1B5041649}.Release|x64.ActiveCfg = Release|Any CPU
		{4268832E-B1B0-470D-8447-DED1B5041649}.Release|x64.Build.0 = Release|Any CPU
		{4268832E-B1B0-470D-8447-DED1B5041649}.Release|x86.ActiveCfg = Release|Any CPU
		{4268832E-B1B0-470D-8447-DED1B5041649}.Release|x86.Build.0 = Release|Any CPU
		{1CDC91E5-D183-4E88-A2DB-E4733CC8EC80}.Debug|Any CPU.ActiveCfg = Debug|Any CPU
		{1CDC91E5-D183-4E88-A2DB-E4733CC8EC80}.Debug|Any CPU.Build.0 = Debug|Any CPU
		{1CDC91E5-D183-4E88-A2DB-E4733CC8EC80}.Debug|x64.ActiveCfg = Debug|Any CPU
		{1CDC91E5-D183-4E88-A2DB-E4733CC8EC80}.Debug|x64.Build.0 = Debug|Any CPU
		{1CDC91E5-D183-4E88-A2DB-E4733CC8EC80}.Debug|x86.ActiveCfg = Debug|Any CPU
		{1CDC91E5-D183-4E88-A2DB-E4733CC8EC80}.Debug|x86.Build.0 = Debug|Any CPU
		{1CDC91E5-D183-4E88-A2DB-E4733CC8EC80}.Release|Any CPU.ActiveCfg = Release|Any CPU
		{1CDC91E5-D183-4E88-A2DB-E4733CC8EC80}.Release|Any CPU.Build.0 = Release|Any CPU
		{1CDC91E5-D183-4E88-A2DB-E4733CC8EC80}.Release|x64.ActiveCfg = Release|Any CPU
		{1CDC91E5-D183-4E88-A2DB-E4733CC8EC80}.Release|x64.Build.0 = Release|Any CPU
		{1CDC91E5-D183-4E88-A2DB-E4733CC8EC80}.Release|x86.ActiveCfg = Release|Any CPU
		{1CDC91E5-D183-4E88-A2DB-E4733CC8EC80}.Release|x86.Build.0 = Release|Any CPU
		{0FD510CD-2028-428A-BA14-C8EE5DBC4DE7}.Debug|Any CPU.ActiveCfg = Debug|Any CPU
		{0FD510CD-2028-428A-BA14-C8EE5DBC4DE7}.Debug|Any CPU.Build.0 = Debug|Any CPU
		{0FD510CD-2028-428A-BA14-C8EE5DBC4DE7}.Debug|x64.ActiveCfg = Debug|Any CPU
		{0FD510CD-2028-428A-BA14-C8EE5DBC4DE7}.Debug|x64.Build.0 = Debug|Any CPU
		{0FD510CD-2028-428A-BA14-C8EE5DBC4DE7}.Debug|x86.ActiveCfg = Debug|Any CPU
		{0FD510CD-2028-428A-BA14-C8EE5DBC4DE7}.Debug|x86.Build.0 = Debug|Any CPU
		{0FD510CD-2028-428A-BA14-C8EE5DBC4DE7}.Release|Any CPU.ActiveCfg = Release|Any CPU
		{0FD510CD-2028-428A-BA14-C8EE5DBC4DE7}.Release|Any CPU.Build.0 = Release|Any CPU
		{0FD510CD-2028-428A-BA14-C8EE5DBC4DE7}.Release|x64.ActiveCfg = Release|Any CPU
		{0FD510CD-2028-428A-BA14-C8EE5DBC4DE7}.Release|x64.Build.0 = Release|Any CPU
		{0FD510CD-2028-428A-BA14-C8EE5DBC4DE7}.Release|x86.ActiveCfg = Release|Any CPU
		{0FD510CD-2028-428A-BA14-C8EE5DBC4DE7}.Release|x86.Build.0 = Release|Any CPU
		{8EADEE71-3882-4F54-A4BE-15A14171D938}.Debug|Any CPU.ActiveCfg = Debug|Any CPU
		{8EADEE71-3882-4F54-A4BE-15A14171D938}.Debug|Any CPU.Build.0 = Debug|Any CPU
		{8EADEE71-3882-4F54-A4BE-15A14171D938}.Debug|x64.ActiveCfg = Debug|Any CPU
		{8EADEE71-3882-4F54-A4BE-15A14171D938}.Debug|x64.Build.0 = Debug|Any CPU
		{8EADEE71-3882-4F54-A4BE-15A14171D938}.Debug|x86.ActiveCfg = Debug|Any CPU
		{8EADEE71-3882-4F54-A4BE-15A14171D938}.Debug|x86.Build.0 = Debug|Any CPU
		{8EADEE71-3882-4F54-A4BE-15A14171D938}.Release|Any CPU.ActiveCfg = Release|Any CPU
		{8EADEE71-3882-4F54-A4BE-15A14171D938}.Release|Any CPU.Build.0 = Release|Any CPU
		{8EADEE71-3882-4F54-A4BE-15A14171D938}.Release|x64.ActiveCfg = Release|Any CPU
		{8EADEE71-3882-4F54-A4BE-15A14171D938}.Release|x64.Build.0 = Release|Any CPU
		{8EADEE71-3882-4F54-A4BE-15A14171D938}.Release|x86.ActiveCfg = Release|Any CPU
		{8EADEE71-3882-4F54-A4BE-15A14171D938}.Release|x86.Build.0 = Release|Any CPU
		{78AB146E-9073-47ED-8C9F-1160E3832EE0}.Debug|Any CPU.ActiveCfg = Debug|Any CPU
		{78AB146E-9073-47ED-8C9F-1160E3832EE0}.Debug|Any CPU.Build.0 = Debug|Any CPU
		{78AB146E-9073-47ED-8C9F-1160E3832EE0}.Debug|x64.ActiveCfg = Debug|Any CPU
		{78AB146E-9073-47ED-8C9F-1160E3832EE0}.Debug|x64.Build.0 = Debug|Any CPU
		{78AB146E-9073-47ED-8C9F-1160E3832EE0}.Debug|x86.ActiveCfg = Debug|Any CPU
		{78AB146E-9073-47ED-8C9F-1160E3832EE0}.Debug|x86.Build.0 = Debug|Any CPU
		{78AB146E-9073-47ED-8C9F-1160E3832EE0}.Release|Any CPU.ActiveCfg = Release|Any CPU
		{78AB146E-9073-47ED-8C9F-1160E3832EE0}.Release|Any CPU.Build.0 = Release|Any CPU
		{78AB146E-9073-47ED-8C9F-1160E3832EE0}.Release|x64.ActiveCfg = Release|Any CPU
		{78AB146E-9073-47ED-8C9F-1160E3832EE0}.Release|x64.Build.0 = Release|Any CPU
		{78AB146E-9073-47ED-8C9F-1160E3832EE0}.Release|x86.ActiveCfg = Release|Any CPU
		{78AB146E-9073-47ED-8C9F-1160E3832EE0}.Release|x86.Build.0 = Release|Any CPU
		{E320168A-67E0-445C-9475-AAD22E3CD8D4}.Debug|Any CPU.ActiveCfg = Debug|Any CPU
		{E320168A-67E0-445C-9475-AAD22E3CD8D4}.Debug|Any CPU.Build.0 = Debug|Any CPU
		{E320168A-67E0-445C-9475-AAD22E3CD8D4}.Debug|x64.ActiveCfg = Debug|Any CPU
		{E320168A-67E0-445C-9475-AAD22E3CD8D4}.Debug|x64.Build.0 = Debug|Any CPU
		{E320168A-67E0-445C-9475-AAD22E3CD8D4}.Debug|x86.ActiveCfg = Debug|Any CPU
		{E320168A-67E0-445C-9475-AAD22E3CD8D4}.Debug|x86.Build.0 = Debug|Any CPU
		{E320168A-67E0-445C-9475-AAD22E3CD8D4}.Release|Any CPU.ActiveCfg = Release|Any CPU
		{E320168A-67E0-445C-9475-AAD22E3CD8D4}.Release|Any CPU.Build.0 = Release|Any CPU
		{E320168A-67E0-445C-9475-AAD22E3CD8D4}.Release|x64.ActiveCfg = Release|Any CPU
		{E320168A-67E0-445C-9475-AAD22E3CD8D4}.Release|x64.Build.0 = Release|Any CPU
		{E320168A-67E0-445C-9475-AAD22E3CD8D4}.Release|x86.ActiveCfg = Release|Any CPU
		{E320168A-67E0-445C-9475-AAD22E3CD8D4}.Release|x86.Build.0 = Release|Any CPU
		{0E60BDAB-474F-4616-A67D-ED406619BFC9}.Debug|Any CPU.ActiveCfg = Debug|Any CPU
		{0E60BDAB-474F-4616-A67D-ED406619BFC9}.Debug|Any CPU.Build.0 = Debug|Any CPU
		{0E60BDAB-474F-4616-A67D-ED406619BFC9}.Debug|x64.ActiveCfg = Debug|Any CPU
		{0E60BDAB-474F-4616-A67D-ED406619BFC9}.Debug|x64.Build.0 = Debug|Any CPU
		{0E60BDAB-474F-4616-A67D-ED406619BFC9}.Debug|x86.ActiveCfg = Debug|Any CPU
		{0E60BDAB-474F-4616-A67D-ED406619BFC9}.Debug|x86.Build.0 = Debug|Any CPU
		{0E60BDAB-474F-4616-A67D-ED406619BFC9}.Release|Any CPU.ActiveCfg = Release|Any CPU
		{0E60BDAB-474F-4616-A67D-ED406619BFC9}.Release|Any CPU.Build.0 = Release|Any CPU
		{0E60BDAB-474F-4616-A67D-ED406619BFC9}.Release|x64.ActiveCfg = Release|Any CPU
		{0E60BDAB-474F-4616-A67D-ED406619BFC9}.Release|x64.Build.0 = Release|Any CPU
		{0E60BDAB-474F-4616-A67D-ED406619BFC9}.Release|x86.ActiveCfg = Release|Any CPU
		{0E60BDAB-474F-4616-A67D-ED406619BFC9}.Release|x86.Build.0 = Release|Any CPU
		{4FD0B702-06C2-471D-BC88-D55F6F524EFB}.Debug|Any CPU.ActiveCfg = Debug|Any CPU
		{4FD0B702-06C2-471D-BC88-D55F6F524EFB}.Debug|Any CPU.Build.0 = Debug|Any CPU
		{4FD0B702-06C2-471D-BC88-D55F6F524EFB}.Debug|x64.ActiveCfg = Debug|Any CPU
		{4FD0B702-06C2-471D-BC88-D55F6F524EFB}.Debug|x64.Build.0 = Debug|Any CPU
		{4FD0B702-06C2-471D-BC88-D55F6F524EFB}.Debug|x86.ActiveCfg = Debug|Any CPU
		{4FD0B702-06C2-471D-BC88-D55F6F524EFB}.Debug|x86.Build.0 = Debug|Any CPU
		{4FD0B702-06C2-471D-BC88-D55F6F524EFB}.Release|Any CPU.ActiveCfg = Release|Any CPU
		{4FD0B702-06C2-471D-BC88-D55F6F524EFB}.Release|Any CPU.Build.0 = Release|Any CPU
		{4FD0B702-06C2-471D-BC88-D55F6F524EFB}.Release|x64.ActiveCfg = Release|Any CPU
		{4FD0B702-06C2-471D-BC88-D55F6F524EFB}.Release|x64.Build.0 = Release|Any CPU
		{4FD0B702-06C2-471D-BC88-D55F6F524EFB}.Release|x86.ActiveCfg = Release|Any CPU
		{4FD0B702-06C2-471D-BC88-D55F6F524EFB}.Release|x86.Build.0 = Release|Any CPU
		{B5A3E8D1-4A07-4E4D-B6F8-5E9F7C8D1A20}.Debug|Any CPU.ActiveCfg = Debug|Any CPU
		{B5A3E8D1-4A07-4E4D-B6F8-5E9F7C8D1A20}.Debug|Any CPU.Build.0 = Debug|Any CPU
		{B5A3E8D1-4A07-4E4D-B6F8-5E9F7C8D1A20}.Debug|x64.ActiveCfg = Debug|Any CPU
		{B5A3E8D1-4A07-4E4D-B6F8-5E9F7C8D1A20}.Debug|x64.Build.0 = Debug|Any CPU
		{B5A3E8D1-4A07-4E4D-B6F8-5E9F7C8D1A20}.Debug|x86.ActiveCfg = Debug|Any CPU
		{B5A3E8D1-4A07-4E4D-B6F8-5E9F7C8D1A20}.Debug|x86.Build.0 = Debug|Any CPU
		{B5A3E8D1-4A07-4E4D-B6F8-5E9F7C8D1A20}.Release|Any CPU.ActiveCfg = Release|Any CPU
		{B5A3E8D1-4A07-4E4D-B6F8-5E9F7C8D1A20}.Release|Any CPU.Build.0 = Release|Any CPU
		{B5A3E8D1-4A07-4E4D-B6F8-5E9F7C8D1A20}.Release|x64.ActiveCfg = Release|Any CPU
		{B5A3E8D1-4A07-4E4D-B6F8-5E9F7C8D1A20}.Release|x64.Build.0 = Release|Any CPU
		{B5A3E8D1-4A07-4E4D-B6F8-5E9F7C8D1A20}.Release|x86.ActiveCfg = Release|Any CPU
		{B5A3E8D1-4A07-4E4D-B6F8-5E9F7C8D1A20}.Release|x86.Build.0 = Release|Any CPU
		{C6B4F9E2-5B18-4F5E-C7A9-6FA08D9E2B31}.Debug|Any CPU.ActiveCfg = Debug|Any CPU
		{C6B4F9E2-5B18-4F5E-C7A9-6FA08D9E2B31}.Debug|Any CPU.Build.0 = Debug|Any CPU
		{C6B4F9E2-5B18-4F5E-C7A9-6FA08D9E2B31}.Debug|x64.ActiveCfg = Debug|Any CPU
		{C6B4F9E2-5B18-4F5E-C7A9-6FA08D9E2B31}.Debug|x64.Build.0 = Debug|Any CPU
		{C6B4F9E2-5B18-4F5E-C7A9-6FA08D9E2B31}.Debug|x86.ActiveCfg = Debug|Any CPU
		{C6B4F9E2-5B18-4F5E-C7A9-6FA08D9E2B31}.Debug|x86.Build.0 = Debug|Any CPU
		{C6B4F9E2-5B18-4F5E-C7A9-6FA08D9E2B31}.Release|Any CPU.ActiveCfg = Release|Any CPU
		{C6B4F9E2-5B18-4F5E-C7A9-6FA08D9E2B31}.Release|Any CPU.Build.0 = Release|Any CPU
		{C6B4F9E2-5B18-4F5E-C7A9-6FA08D9E2B31}.Release|x64.ActiveCfg = Release|Any CPU
		{C6B4F9E2-5B18-4F5E-C7A9-6FA08D9E2B31}.Release|x64.Build.0 = Release|Any CPU
		{C6B4F9E2-5B18-4F5E-C7A9-6FA08D9E2B31}.Release|x86.ActiveCfg = Release|Any CPU
		{C6B4F9E2-5B18-4F5E-C7A9-6FA08D9E2B31}.Release|x86.Build.0 = Release|Any CPU
		{F4E82BDC-B670-4C9C-914D-40105C698489}.Debug|Any CPU.ActiveCfg = Debug|Any CPU
		{F4E82BDC-B670-4C9C-914D-40105C698489}.Debug|Any CPU.Build.0 = Debug|Any CPU
		{F4E82BDC-B670-4C9C-914D-40105C698489}.Debug|x64.ActiveCfg = Debug|Any CPU
		{F4E82BDC-B670-4C9C-914D-40105C698489}.Debug|x64.Build.0 = Debug|Any CPU
		{F4E82BDC-B670-4C9C-914D-40105C698489}.Debug|x86.ActiveCfg = Debug|Any CPU
		{F4E82BDC-B670-4C9C-914D-40105C698489}.Debug|x86.Build.0 = Debug|Any CPU
		{F4E82BDC-B670-4C9C-914D-40105C698489}.Release|Any CPU.ActiveCfg = Release|Any CPU
		{F4E82BDC-B670-4C9C-914D-40105C698489}.Release|Any CPU.Build.0 = Release|Any CPU
		{F4E82BDC-B670-4C9C-914D-40105C698489}.Release|x64.ActiveCfg = Release|Any CPU
		{F4E82BDC-B670-4C9C-914D-40105C698489}.Release|x64.Build.0 = Release|Any CPU
		{F4E82BDC-B670-4C9C-914D-40105C698489}.Release|x86.ActiveCfg = Release|Any CPU
		{F4E82BDC-B670-4C9C-914D-40105C698489}.Release|x86.Build.0 = Release|Any CPU
		{ED4423EE-880F-41DA-81E2-A0A28EA78B0E}.Debug|Any CPU.ActiveCfg = Debug|Any CPU
		{ED4423EE-880F-41DA-81E2-A0A28EA78B0E}.Debug|Any CPU.Build.0 = Debug|Any CPU
		{ED4423EE-880F-41DA-81E2-A0A28EA78B0E}.Debug|x64.ActiveCfg = Debug|Any CPU
		{ED4423EE-880F-41DA-81E2-A0A28EA78B0E}.Debug|x64.Build.0 = Debug|Any CPU
		{ED4423EE-880F-41DA-81E2-A0A28EA78B0E}.Debug|x86.ActiveCfg = Debug|Any CPU
		{ED4423EE-880F-41DA-81E2-A0A28EA78B0E}.Debug|x86.Build.0 = Debug|Any CPU
		{ED4423EE-880F-41DA-81E2-A0A28EA78B0E}.Release|Any CPU.ActiveCfg = Release|Any CPU
		{ED4423EE-880F-41DA-81E2-A0A28EA78B0E}.Release|Any CPU.Build.0 = Release|Any CPU
		{ED4423EE-880F-41DA-81E2-A0A28EA78B0E}.Release|x64.ActiveCfg = Release|Any CPU
		{ED4423EE-880F-41DA-81E2-A0A28EA78B0E}.Release|x64.Build.0 = Release|Any CPU
		{ED4423EE-880F-41DA-81E2-A0A28EA78B0E}.Release|x86.ActiveCfg = Release|Any CPU
		{ED4423EE-880F-41DA-81E2-A0A28EA78B0E}.Release|x86.Build.0 = Release|Any CPU
		{82A7DC4E-EBD3-4FCE-9113-435D46285CD4}.Debug|Any CPU.ActiveCfg = Debug|Any CPU
		{82A7DC4E-EBD3-4FCE-9113-435D46285CD4}.Debug|Any CPU.Build.0 = Debug|Any CPU
		{82A7DC4E-EBD3-4FCE-9113-435D46285CD4}.Debug|x64.ActiveCfg = Debug|Any CPU
		{82A7DC4E-EBD3-4FCE-9113-435D46285CD4}.Debug|x64.Build.0 = Debug|Any CPU
		{82A7DC4E-EBD3-4FCE-9113-435D46285CD4}.Debug|x86.ActiveCfg = Debug|Any CPU
		{82A7DC4E-EBD3-4FCE-9113-435D46285CD4}.Debug|x86.Build.0 = Debug|Any CPU
		{82A7DC4E-EBD3-4FCE-9113-435D46285CD4}.Release|Any CPU.ActiveCfg = Release|Any CPU
		{82A7DC4E-EBD3-4FCE-9113-435D46285CD4}.Release|Any CPU.Build.0 = Release|Any CPU
		{82A7DC4E-EBD3-4FCE-9113-435D46285CD4}.Release|x64.ActiveCfg = Release|Any CPU
		{82A7DC4E-EBD3-4FCE-9113-435D46285CD4}.Release|x64.Build.0 = Release|Any CPU
		{82A7DC4E-EBD3-4FCE-9113-435D46285CD4}.Release|x86.ActiveCfg = Release|Any CPU
		{82A7DC4E-EBD3-4FCE-9113-435D46285CD4}.Release|x86.Build.0 = Release|Any CPU
		{02BFF8DA-05C8-43AA-B7DE-E94A997D8759}.Debug|Any CPU.ActiveCfg = Debug|Any CPU
		{02BFF8DA-05C8-43AA-B7DE-E94A997D8759}.Debug|Any CPU.Build.0 = Debug|Any CPU
		{02BFF8DA-05C8-43AA-B7DE-E94A997D8759}.Debug|x64.ActiveCfg = Debug|Any CPU
		{02BFF8DA-05C8-43AA-B7DE-E94A997D8759}.Debug|x64.Build.0 = Debug|Any CPU
		{02BFF8DA-05C8-43AA-B7DE-E94A997D8759}.Debug|x86.ActiveCfg = Debug|Any CPU
		{02BFF8DA-05C8-43AA-B7DE-E94A997D8759}.Debug|x86.Build.0 = Debug|Any CPU
		{02BFF8DA-05C8-43AA-B7DE-E94A997D8759}.Release|Any CPU.ActiveCfg = Release|Any CPU
		{02BFF8DA-05C8-43AA-B7DE-E94A997D8759}.Release|Any CPU.Build.0 = Release|Any CPU
		{02BFF8DA-05C8-43AA-B7DE-E94A997D8759}.Release|x64.ActiveCfg = Release|Any CPU
		{02BFF8DA-05C8-43AA-B7DE-E94A997D8759}.Release|x64.Build.0 = Release|Any CPU
		{02BFF8DA-05C8-43AA-B7DE-E94A997D8759}.Release|x86.ActiveCfg = Release|Any CPU
		{02BFF8DA-05C8-43AA-B7DE-E94A997D8759}.Release|x86.Build.0 = Release|Any CPU
	EndGlobalSection
	GlobalSection(SolutionProperties) = preSolution
		HideSolutionNode = FALSE
	EndGlobalSection
	GlobalSection(NestedProjects) = preSolution
		{49009774-CD41-48F0-8AA6-F87923E4BC1D} = {33E1A69A-8FD8-475E-B07A-5D48899703B4}
		{F85AAB5D-105D-415C-86FE-2425257E2113} = {33E1A69A-8FD8-475E-B07A-5D48899703B4}
		{94561C1C-B4C3-45E1-ACAB-3B25A67AFC56} = {33E1A69A-8FD8-475E-B07A-5D48899703B4}
		{8BEFC301-3513-491E-AE89-123E61E31FBB} = {33E1A69A-8FD8-475E-B07A-5D48899703B4}
		{09A00522-6D45-43D0-A9EF-582E361FF931} = {33E1A69A-8FD8-475E-B07A-5D48899703B4}
		{A1B2C3D4-E5F6-7890-ABCD-EF1234567890} = {33E1A69A-8FD8-475E-B07A-5D48899703B4}
		{0BF6A40B-3D26-4A68-8FD9-918AC6526F08} = {33E1A69A-8FD8-475E-B07A-5D48899703B4}
		{C3BC39DA-62F5-47EA-B861-80D9C0A3A747} = {6FF04732-217E-4552-9425-96347221B392}
		{30309243-449B-45B9-8D9E-5BCBC78FD62F} = {6FF04732-217E-4552-9425-96347221B392}
		{97CE7333-9FDE-4B95-8345-75592FBE1262} = {6FF04732-217E-4552-9425-96347221B392}
		{72784720-5722-4614-93D1-CDCB82C045B8} = {6FF04732-217E-4552-9425-96347221B392}
		{C632DCD8-EA21-4044-9CE7-54D39EA7BE5B} = {6FF04732-217E-4552-9425-96347221B392}
		{9C3EC6F8-7684-4952-A004-A03995FFC5F9} = {33E1A69A-8FD8-475E-B07A-5D48899703B4}
		{AA3E7A14-3D98-48FE-A44A-68F955D98E68} = {33E1A69A-8FD8-475E-B07A-5D48899703B4}
		{9FBEE2D9-8F5E-4B98-9468-A487A58A6033} = {6FF04732-217E-4552-9425-96347221B392}
		{5C0589EE-57ED-4B49-A78C-14AD3BB41514} = {33E1A69A-8FD8-475E-B07A-5D48899703B4}
		{4268832E-B1B0-470D-8447-DED1B5041649} = {33E1A69A-8FD8-475E-B07A-5D48899703B4}
		{1CDC91E5-D183-4E88-A2DB-E4733CC8EC80} = {33E1A69A-8FD8-475E-B07A-5D48899703B4}
		{0FD510CD-2028-428A-BA14-C8EE5DBC4DE7} = {6FF04732-217E-4552-9425-96347221B392}
		{8EADEE71-3882-4F54-A4BE-15A14171D938} = {33E1A69A-8FD8-475E-B07A-5D48899703B4}
		{78AB146E-9073-47ED-8C9F-1160E3832EE0} = {6FF04732-217E-4552-9425-96347221B392}
		{E320168A-67E0-445C-9475-AAD22E3CD8D4} = {33E1A69A-8FD8-475E-B07A-5D48899703B4}
		{0E60BDAB-474F-4616-A67D-ED406619BFC9} = {6FF04732-217E-4552-9425-96347221B392}
		{4FD0B702-06C2-471D-BC88-D55F6F524EFB} = {33E1A69A-8FD8-475E-B07A-5D48899703B4}
		{B5A3E8D1-4A07-4E4D-B6F8-5E9F7C8D1A20} = {33E1A69A-8FD8-475E-B07A-5D48899703B4}
		{C6B4F9E2-5B18-4F5E-C7A9-6FA08D9E2B31} = {6FF04732-217E-4552-9425-96347221B392}
		{F4E82BDC-B670-4C9C-914D-40105C698489} = {6FF04732-217E-4552-9425-96347221B392}
		{ED4423EE-880F-41DA-81E2-A0A28EA78B0E} = {6FF04732-217E-4552-9425-96347221B392}
		{82A7DC4E-EBD3-4FCE-9113-435D46285CD4} = {6FF04732-217E-4552-9425-96347221B392}
		{02BFF8DA-05C8-43AA-B7DE-E94A997D8759} = {6FF04732-217E-4552-9425-96347221B392}
	EndGlobalSection
EndGlobal
